
Microsoft Visual Studio Solution File, Format Version 12.00
# Visual Studio Version 17
VisualStudioVersion = 17.5.33414.496
MinimumVisualStudioVersion = 10.0.40219.1
Project("{FAE04EC0-301F-11D3-BF4B-00C04F79EFBC}") = "AttendanceGUI", "AttendanceGUI.csproj", "{8D4E14FD-867D-43C1-A840-5E43D5935605}"
EndProject
Global
	GlobalSection(SolutionConfigurationPlatforms) = preSolution
		Debug|Any CPU = Debug|Any CPU
		Release|Any CPU = Release|Any CPU
	EndGlobalSection
	GlobalSection(ProjectConfigurationPlatforms) = postSolution
		{8D4E14FD-867D-43C1-A840-5E43D5935605}.Debug|Any CPU.ActiveCfg = Debug|Any CPU
		{8D4E14FD-867D-43C1-A840-5E43D5935605}.Debug|Any CPU.Build.0 = Debug|Any CPU
		{8D4E14FD-867D-43C1-A840-5E43D5935605}.Release|Any CPU.ActiveCfg = Release|Any CPU
		{8D4E14FD-867D-43C1-A840-5E43D5935605}.Release|Any CPU.Build.0 = Release|Any CPU
	EndGlobalSection
	GlobalSection(SolutionProperties) = preSolution
		HideSolutionNode = FALSE
	EndGlobalSection
	GlobalSection(ExtensibilityGlobals) = postSolution
		SolutionGuid = {6FDC13AC-4E1E-41F8-B034-993D5C864283}
	EndGlobalSection
EndGlobal
